<Solution>
  <Folder Name="/src/">
    <Project Path="src/Wallpaper233.App/Wallpaper233.App.csproj" />
    <Project Path="src/Wallpaper233.Compat/Wallpaper233.Compat.csproj" />
    <Project Path="src/Wallpaper233.Core/Wallpaper233.Core.csproj" />
  </Folder>
  <Folder Name="/tests/">
    <Project Path="tests/Wallpaper233.Core.Tests/Wallpaper233.Core.Tests.csproj" />
  </Folder>
</Solution>
